// !$*UTF8*$!
{
	archiveVersion = 1;
	classes = {
	};
	objectVersion = 46;
	objects = {

/* Begin PBXBuildFile section */
		01B22FA11F72C76B00635273 /* RatingControl.swift in Sources */ = {isa = PBXBuildFile; fileRef = 01B22FA01F72C76B00635273 /* RatingControl.swift */; };
		01B22FA31F740DC100635273 /* Meal.swift in Sources */ = {isa = PBXBuildFile; fileRef = 01B22FA21F740DC100635273 /* Meal.swift */; };
		01B22FA51F74195C00635273 /* MealTableViewCell.swift in Sources */ = {isa = PBXBuildFile; fileRef = 01B22FA41F74195C00635273 /* MealTableViewCell.swift */; };
		01B22FA71F7424B400635273 /* MealTableViewController.swift in Sources */ = {isa = PBXBuildFile; fileRef = 01B22FA61F7424B400635273 /* MealTableViewController.swift */; };
		01F5D4DC1F719BD700944370 /* AppDelegate.swift in Sources */ = {isa = PBXBuildFile; fileRef = 01F5D4DB1F719BD700944370 /* AppDelegate.swift */; };
		01F5D4DE1F719BD700944370 /* ViewController.swift in Sources */ = {isa = PBXBuildFile; fileRef = 01F5D4DD1F719BD700944370 /* ViewController.swift */; };
		01F5D4E11F719BD700944370 /* Main.storyboard in Resources */ = {isa = PBXBuildFile; fileRef = 01F5D4DF1F719BD700944370 /* Main.storyboard */; };
		01F5D4E31F719BD700944370 /* Assets.xcassets in Resources */ = {isa = PBXBuildFile; fileRef = 01F5D4E21F719BD700944370 /* Assets.xcassets */; };
		01F5D4E61F719BD700944370 /* LaunchScreen.storyboard in Resources */ = {isa = PBXBuildFile; fileRef = 01F5D4E41F719BD700944370 /* LaunchScreen.storyboard */; };
		01F5D4F11F719BD700944370 /* Food_TrackerTests.swift in Sources */ = {isa = PBXBuildFile; fileRef = 01F5D4F01F719BD700944370 /* Food_TrackerTests.swift */; };
/* End PBXBuildFile section */

/* Begin PBXContainerItemProxy section */
		01F5D4ED1F719BD700944370 /* PBXContainerItemProxy */ = {
			isa = PBXContainerItemProxy;
			containerPortal = 01F5D4D01F719BD700944370 /* Project object */;
			proxyType = 1;
			remoteGlobalIDString = 01F5D4D71F719BD700944370;
			remoteInfo = "Food Tracker";
		};
/* End PBXContainerItemProxy section */

/* Begin PBXFileReference section */
		01B22FA01F72C76B00635273 /* RatingControl.swift */ = {isa = PBXFileReference; fileEncoding = 4; lastKnownFileType = sourcecode.swift; path = RatingControl.swift; sourceTree = "<group>"; };
		01B22FA21F740DC100635273 /* Meal.swift */ = {isa = PBXFileReference; fileEncoding = 4; lastKnownFileType = sourcecode.swift; path = Meal.swift; sourceTree = "<group>"; };
		01B22FA41F74195C00635273 /* MealTableViewCell.swift */ = {isa = PBXFileReference; fileEncoding = 4; lastKnownFileType = sourcecode.swift; path = MealTableViewCell.swift; sourceTree = "<group>"; };
		01B22FA61F7424B400635273 /* MealTableViewController.swift */ = {isa = PBXFileReference; fileEncoding = 4; lastKnownFileType = sourcecode.swift; path = MealTableViewController.swift; sourceTree = "<group>"; };
		01F5D4D81F719BD700944370 /* Food Tracker.app */ = {isa = PBXFileReference; explicitFileType = wrapper.application; includeInIndex = 0; path = "Food Tracker.app"; sourceTree = BUILT_PRODUCTS_DIR; };
		01F5D4DB1F719BD700944370 /* AppDelegate.swift */ = {isa = PBXFileReference; lastKnownFileType = sourcecode.swift; path = AppDelegate.swift; sourceTree = "<group>"; };
		01F5D4DD1F719BD700944370 /* ViewController.swift */ = {isa = PBXFileReference; lastKnownFileType = sourcecode.swift; path = ViewController.swift; sourceTree = "<group>"; };
		01F5D4E01F719BD700944370 /* Base */ = {isa = PBXFileReference; lastKnownFileType = file.storyboard; name = Base; path = Base.lproj/Main.storyboard; sourceTree = "<group>"; };
		01F5D4E21F719BD700944370 /* Assets.xcassets */ = {isa = PBXFileReference; lastKnownFileType = folder.assetcatalog; path = Assets.xcassets; sourceTree = "<group>"; };
		01F5D4E51F719BD700944370 /* Base */ = {isa = PBXFileReference; lastKnownFileType = file.storyboard; name = Base; path = Base.lproj/LaunchScreen.storyboard; sourceTree = "<group>"; };
		01F5D4E71F719BD700944370 /* Info.plist */ = {isa = PBXFileReference; lastKnownFileType = text.plist.xml; path = Info.plist; sourceTree = "<group>"; };
		01F5D4EC1F719BD700944370 /* Food TrackerTests.xctest */ = {isa = PBXFileReference; explicitFileType = wrapper.cfbundle; includeInIndex = 0; path = "Food TrackerTests.xctest"; sourceTree = BUILT_PRODUCTS_DIR; };
		01F5D4F01F719BD700944370 /* Food_TrackerTests.swift */ = {isa = PBXFileReference; lastKnownFileType = sourcecode.swift; path = Food_TrackerTests.swift; sourceTree = "<group>"; };
		01F5D4F21F719BD700944370 /* Info.plist */ = {isa = PBXFileReference; lastKnownFileType = text.plist.xml; path = Info.plist; sourceTree = "<group>"; };
/* End PBXFileReference section */

/* Begin PBXFrameworksBuildPhase section */
		01F5D4D51F719BD700944370 /* Frameworks */ = {
			isa = PBXFrameworksBuildPhase;
			buildActionMask = 2147483647;
			files = (
			);
			runOnlyForDeploymentPostprocessing = 0;
		};
		01F5D4E91F719BD700944370 /* Frameworks */ = {
			isa = PBXFrameworksBuildPhase;
			buildActionMask = 2147483647;
			files = (
			);
			runOnlyForDeploymentPostprocessing = 0;
		};
/* End PBXFrameworksBuildPhase section */

/* Begin PBXGroup section */
		01F5D4CF1F719BD700944370 = {
			isa = PBXGroup;
			children = (
				01F5D4DA1F719BD700944370 /* Food Tracker */,
				01F5D4EF1F719BD700944370 /* Food TrackerTests */,
				01F5D4D91F719BD700944370 /* Products */,
			);
			sourceTree = "<group>";
		};
		01F5D4D91F719BD700944370 /* Products */ = {
			isa = PBXGroup;
			children = (
				01F5D4D81F719BD700944370 /* Food Tracker.app */,
				01F5D4EC1F719BD700944370 /* Food TrackerTests.xctest */,
			);
			name = Products;
			sourceTree = "<group>";
		};
		01F5D4DA1F719BD700944370 /* Food Tracker */ = {
			isa = PBXGroup;
			children = (
				01F5D4DB1F719BD700944370 /* AppDelegate.swift */,
				01F5D4DD1F719BD700944370 /* ViewController.swift */,
				01B22FA01F72C76B00635273 /* RatingControl.swift */,
				01B22FA21F740DC100635273 /* Meal.swift */,
				01B22FA41F74195C00635273 /* MealTableViewCell.swift */,
				01B22FA61F7424B400635273 /* MealTableViewController.swift */,
				01F5D4DF1F719BD700944370 /* Main.storyboard */,
				01F5D4E21F719BD700944370 /* Assets.xcassets */,
				01F5D4E41F719BD700944370 /* LaunchScreen.storyboard */,
				01F5D4E71F719BD700944370 /* Info.plist */,
			);
			path = "Food Tracker";
			sourceTree = "<group>";
		};
		01F5D4EF1F719BD700944370 /* Food TrackerTests */ = {
			isa = PBXGroup;
			children = (
				01F5D4F01F719BD700944370 /* Food_TrackerTests.swift */,
				01F5D4F21F719BD700944370 /* Info.plist */,
			);
			path = "Food TrackerTests";
			sourceTree = "<group>";
		};
/* End PBXGroup section */

/* Begin PBXNativeTarget section */
		01F5D4D71F719BD700944370 /* Food Tracker */ = {
			isa = PBXNativeTarget;
			buildConfigurationList = 01F5D4F51F719BD700944370 /* Build configuration list for PBXNativeTarget "Food Tracker" */;
			buildPhases = (
				01F5D4D41F719BD700944370 /* Sources */,
				01F5D4D51F719BD700944370 /* Frameworks */,
				01F5D4D61F719BD700944370 /* Resources */,
			);
			buildRules = (
			);
			dependencies = (
			);
			name = "Food Tracker";
			productName = "Food Tracker";
			productReference = 01F5D4D81F719BD700944370 /* Food Tracker.app */;
			productType = "com.apple.product-type.application";
		};
		01F5D4EB1F719BD700944370 /* Food TrackerTests */ = {
			isa = PBXNativeTarget;
			buildConfigurationList = 01F5D4F81F719BD700944370 /* Build configuration list for PBXNativeTarget "Food TrackerTests" */;
			buildPhases = (
				01F5D4E81F719BD700944370 /* Sources */,
				01F5D4E91F719BD700944370 /* Frameworks */,
				01F5D4EA1F719BD700944370 /* Resources */,
			);
			buildRules = (
			);
			dependencies = (
				01F5D4EE1F719BD700944370 /* PBXTargetDependency */,
			);
			name = "Food TrackerTests";
			productName = "Food TrackerTests";
			productReference = 01F5D4EC1F719BD700944370 /* Food TrackerTests.xctest */;
			productType = "com.apple.product-type.bundle.unit-test";
		};
/* End PBXNativeTarget section */

/* Begin PBXProject section */
		01F5D4D01F719BD700944370 /* Project object */ = {
			isa = PBXProject;
			attributes = {
				LastSwiftUpdateCheck = 0830;
				LastUpgradeCheck = 0830;
				ORGANIZATIONNAME = RedJo;
				TargetAttributes = {
					01F5D4D71F719BD700944370 = {
						CreatedOnToolsVersion = 8.3.3;
						ProvisioningStyle = Automatic;
					};
					01F5D4EB1F719BD700944370 = {
						CreatedOnToolsVersion = 8.3.3;
						ProvisioningStyle = Automatic;
						TestTargetID = 01F5D4D71F719BD700944370;
					};
				};
			};
			buildConfigurationList = 01F5D4D31F719BD700944370 /* Build configuration list for PBXProject "Food Tracker" */;
			compatibilityVersion = "Xcode 3.2";
			developmentRegion = English;
			hasScannedForEncodings = 0;
			knownRegions = (
				en,
				Base,
			);
			mainGroup = 01F5D4CF1F719BD700944370;
			productRefGroup = 01F5D4D91F719BD700944370 /* Products */;
			projectDirPath = "";
			projectRoot = "";
			targets = (
				01F5D4D71F719BD700944370 /* Food Tracker */,
				01F5D4EB1F719BD700944370 /* Food TrackerTests */,
			);
		};
/* End PBXProject section */

/* Begin PBXResourcesBuildPhase section */
		01F5D4D61F719BD700944370 /* Resources */ = {
			isa = PBXResourcesBuildPhase;
			buildActionMask = 2147483647;
			files = (
				01F5D4E61F719BD700944370 /* LaunchScreen.storyboard in Resources */,
				01F5D4E31F719BD700944370 /* Assets.xcassets in Resources */,
				01F5D4E11F719BD700944370 /* Main.storyboard in Resources */,
			);
			runOnlyForDeploymentPostprocessing = 0;
		};
		01F5D4EA1F719BD700944370 /* Resources */ = {
			isa = PBXResourcesBuildPhase;
			buildActionMask = 2147483647;
			files = (
			);
			runOnlyForDeploymentPostprocessing = 0;
		};
/* End PBXResourcesBuildPhase section */

/* Begin PBXSourcesBuildPhase section */
		01F5D4D41F719BD700944370 /* Sources */ = {
			isa = PBXSourcesBuildPhase;
			buildActionMask = 2147483647;
			files = (
				01B22FA31F740DC100635273 /* Meal.swift in Sources */,
				01F5D4DE1F719BD700944370 /* ViewController.swift in Sources */,
				01B22FA11F72C76B00635273 /* RatingControl.swift in Sources */,
				01F5D4DC1F719BD700944370 /* AppDelegate.swift in Sources */,
				01B22FA71F7424B400635273 /* MealTableViewController.swift in Sources */,
				01B22FA51F74195C00635273 /* MealTableViewCell.swift in Sources */,
			);
			runOnlyForDeploymentPostprocessing = 0;
		};
		01F5D4E81F719BD700944370 /* Sources */ = {
			isa = PBXSourcesBuildPhase;
			buildActionMask = 2147483647;
			files = (
				01F5D4F11F719BD700944370 /* Food_TrackerTests.swift in Sources */,
			);
			runOnlyForDeploymentPostprocessing = 0;
		};
/* End PBXSourcesBuildPhase section */

/* Begin PBXTargetDependency section */
		01F5D4EE1F719BD700944370 /* PBXTargetDependency */ = {
			isa = PBXTargetDependency;
			target = 01F5D4D71F719BD700944370 /* Food Tracker */;
			targetProxy = 01F5D4ED1F719BD700944370 /* PBXContainerItemProxy */;
		};
/* End PBXTargetDependency section */

/* Begin PBXVariantGroup section */
		01F5D4DF1F719BD700944370 /* Main.storyboard */ = {
			isa = PBXVariantGroup;
			children = (
				01F5D4E01F719BD700944370 /* Base */,
			);
			name = Main.storyboard;
			sourceTree = "<group>";
		};
		01F5D4E41F719BD700944370 /* LaunchScreen.storyboard */ = {
			isa = PBXVariantGroup;
			children = (
				01F5D4E51F719BD700944370 /* Base */,
			);
			name = LaunchScreen.storyboard;
			sourceTree = "<group>";
		};
/* End PBXVariantGroup section */

/* Begin XCBuildConfiguration section */
		01F5D4F31F719BD700944370 /* Debug */ = {
			isa = XCBuildConfiguration;
			buildSettings = {
				ALWAYS_SEARCH_USER_PATHS = NO;
				CLANG_ANALYZER_NONNULL = YES;
				CLANG_ANALYZER_NUMBER_OBJECT_CONVERSION = YES_AGGRESSIVE;
				CLANG_CXX_LANGUAGE_STANDARD = "gnu++0x";
				CLANG_CXX_LIBRARY = "libc++";
				CLANG_ENABLE_MODULES = YES;
				CLANG_ENABLE_OBJC_ARC = YES;
				CLANG_WARN_BOOL_CONVERSION = YES;
				CLANG_WARN_CONSTANT_CONVERSION = YES;
				CLANG_WARN_DIRECT_OBJC_ISA_USAGE = YES_ERROR;
				CLANG_WARN_DOCUMENTATION_COMMENTS = YES;
				CLANG_WARN_EMPTY_BODY = YES;
				CLANG_WARN_ENUM_CONVERSION = YES;
				CLANG_WARN_INFINITE_RECURSION = YES;
				CLANG_WARN_INT_CONVERSION = YES;
				CLANG_WARN_OBJC_ROOT_CLASS = YES_ERROR;
				CLANG_WARN_SUSPICIOUS_MOVE = YES;
				CLANG_WARN_UNREACHABLE_CODE = YES;
				CLANG_WARN__DUPLICATE_METHOD_MATCH = YES;
				"CODE_SIGN_IDENTITY[sdk=iphoneos*]" = "iPhone Developer";
				COPY_PHASE_STRIP = NO;
				DEBUG_INFORMATION_FORMAT = dwarf;
				ENABLE_STRICT_OBJC_MSGSEND = YES;
				ENABLE_TESTABILITY = YES;
				GCC_C_LANGUAGE_STANDARD = gnu99;
				GCC_DYNAMIC_NO_PIC = NO;
				GCC_NO_COMMON_BLOCKS = YES;
				GCC_OPTIMIZATION_LEVEL = 0;
				GCC_PREPROCESSOR_DEFINITIONS = (
					"DEBUG=1",
					"$(inherited)",
				);
				GCC_WARN_64_TO_32_BIT_CONVERSION = YES;
				GCC_WARN_ABOUT_RETURN_TYPE = YES_ERROR;
				GCC_WARN_UNDECLARED_SELECTOR = YES;
				GCC_WARN_UNINITIALIZED_AUTOS = YES_AGGRESSIVE;
				GCC_WARN_UNUSED_FUNCTION = YES;
				GCC_WARN_UNUSED_VARIABLE = YES;
				IPHONEOS_DEPLOYMENT_TARGET = 10.3;
				MTL_ENABLE_DEBUG_INFO = YES;
				ONLY_ACTIVE_ARCH = YES;
				SDKROOT = iphoneos;
				SWIFT_ACTIVE_COMPILATION_CONDITIONS = DEBUG;
				SWIFT_OPTIMIZATION_LEVEL = "-Onone";
				TARGETED_DEVICE_FAMILY = "1,2";
			};
			name = Debug;
		};
		01F5D4F41F719BD700944370 /* Release */ = {
			isa = XCBuildConfiguration;
			buildSettings = {
				ALWAYS_SEARCH_USER_PATHS = NO;
				CLANG_ANALYZER_NONNULL = YES;
				CLANG_ANALYZER_NUMBER_OBJECT_CONVERSION = YES_AGGRESSIVE;
				CLANG_CXX_LANGUAGE_STANDARD = "gnu++0x";
				CLANG_CXX_LIBRARY = "libc++";
				CLANG_ENABLE_MODULES = YES;
				CLANG_ENABLE_OBJC_ARC = YES;
				CLANG_WARN_BOOL_CONVERSION = YES;
				CLANG_WARN_CONSTANT_CONVERSION = YES;
				CLANG_WARN_DIRECT_OBJC_ISA_USAGE = YES_ERROR;
				CLANG_WARN_DOCUMENTATION_COMMENTS = YES;
				CLANG_WARN_EMPTY_BODY = YES;
				CLANG_WARN_ENUM_CONVERSION = YES;
				CLANG_WARN_INFINITE_RECURSION = YES;
				CLANG_WARN_INT_CONVERSION = YES;
				CLANG_WARN_OBJC_ROOT_CLASS = YES_ERROR;
				CLANG_WARN_SUSPICIOUS_MOVE = YES;
				CLANG_WARN_UNREACHABLE_CODE = YES;
				CLANG_WARN__DUPLICATE_METHOD_MATCH = YES;
				"CODE_SIGN_IDENTITY[sdk=iphoneos*]" = "iPhone Developer";
				COPY_PHASE_STRIP = NO;
				DEBUG_INFORMATION_FORMAT = "dwarf-with-dsym";
				ENABLE_NS_ASSERTIONS = NO;
				ENABLE_STRICT_OBJC_MSGSEND = YES;
				GCC_C_LANGUAGE_STANDARD = gnu99;
				GCC_NO_COMMON_BLOCKS = YES;
				GCC_WARN_64_TO_32_BIT_CONVERSION = YES;
				GCC_WARN_ABOUT_RETURN_TYPE = YES_ERROR;
				GCC_WARN_UNDECLARED_SELECTOR = YES;
				GCC_WARN_UNINITIALIZED_AUTOS = YES_AGGRESSIVE;
				GCC_WARN_UNUSED_FUNCTION = YES;
				GCC_WARN_UNUSED_VARIABLE = YES;
				IPHONEOS_DEPLOYMENT_TARGET = 10.3;
				MTL_ENABLE_DEBUG_INFO = NO;
				SDKROOT = iphoneos;
				SWIFT_OPTIMIZATION_LEVEL = "-Owholemodule";
				TARGETED_DEVICE_FAMILY = "1,2";
				VALIDATE_PRODUCT = YES;
			};
			name = Release;
		};
		01F5D4F61F719BD700944370 /* Debug */ = {
			isa = XCBuildConfiguration;
			buildSettings = {
				ASSETCATALOG_COMPILER_APPICON_NAME = AppIcon;
				INFOPLIST_FILE = "Food Tracker/Info.plist";
				LD_RUNPATH_SEARCH_PATHS = "$(inherited) @executable_path/Frameworks";
				PRODUCT_BUNDLE_IDENTIFIER = "redjo.Food-Tracker";
				PRODUCT_NAME = "$(TARGET_NAME)";
				SWIFT_VERSION = 3.0;
			};
			name = Debug;
		};
		01F5D4F71F719BD700944370 /* Release */ = {
			isa = XCBuildConfiguration;
			buildSettings = {
				ASSETCATALOG_COMPILER_APPICON_NAME = AppIcon;
				INFOPLIST_FILE = "Food Tracker/Info.plist";
				LD_RUNPATH_SEARCH_PATHS = "$(inherited) @executable_path/Frameworks";
				PRODUCT_BUNDLE_IDENTIFIER = "redjo.Food-Tracker";
				PRODUCT_NAME = "$(TARGET_NAME)";
				SWIFT_VERSION = 3.0;
			};
			name = Release;
		};
		01F5D4F91F719BD700944370 /* Debug */ = {
			isa = XCBuildConfiguration;
			buildSettings = {
				ALWAYS_EMBED_SWIFT_STANDARD_LIBRARIES = YES;
				BUNDLE_LOADER = "$(TEST_HOST)";
				INFOPLIST_FILE = "Food TrackerTests/Info.plist";
				LD_RUNPATH_SEARCH_PATHS = "$(inherited) @executable_path/Frameworks @loader_path/Frameworks";
				PRODUCT_BUNDLE_IDENTIFIER = "redjo.Food-TrackerTests";
				PRODUCT_NAME = "$(TARGET_NAME)";
				SWIFT_VERSION = 3.0;
				TEST_HOST = "$(BUILT_PRODUCTS_DIR)/Food Tracker.app/Food Tracker";
			};
			name = Debug;
		};
		01F5D4FA1F719BD700944370 /* Release */ = {
			isa = XCBuildConfiguration;
			buildSettings = {
				ALWAYS_EMBED_SWIFT_STANDARD_LIBRARIES = YES;
				BUNDLE_LOADER = "$(TEST_HOST)";
				INFOPLIST_FILE = "Food TrackerTests/Info.plist";
				LD_RUNPATH_SEARCH_PATHS = "$(inherited) @executable_path/Frameworks @loader_path/Frameworks";
				PRODUCT_BUNDLE_IDENTIFIER = "redjo.Food-TrackerTests";
				PRODUCT_NAME = "$(TARGET_NAME)";
				SWIFT_VERSION = 3.0;
				TEST_HOST = "$(BUILT_PRODUCTS_DIR)/Food Tracker.app/Food Tracker";
			};
			name = Release;
		};
/* End XCBuildConfiguration section */

/* Begin XCConfigurationList section */
		01F5D4D31F719BD700944370 /* Build configuration list for PBXProject "Food Tracker" */ = {
			isa = XCConfigurationList;
			buildConfigurations = (
				01F5D4F31F719BD700944370 /* Debug */,
				01F5D4F41F719BD700944370 /* Release */,
			);
			defaultConfigurationIsVisible = 0;
			defaultConfigurationName = Release;
		};
		01F5D4F51F719BD700944370 /* Build configuration list for PBXNativeTarget "Food Tracker" */ = {
			isa = XCConfigurationList;
			buildConfigurations = (
				01F5D4F61F719BD700944370 /* Debug */,
				01F5D4F71F719BD700944370 /* Release */,
			);
			defaultConfigurationIsVisible = 0;
			defaultConfigurationName = Release;
		};
		01F5D4F81F719BD700944370 /* Build configuration list for PBXNativeTarget "Food TrackerTests" */ = {
			isa = XCConfigurationList;
			buildConfigurations = (
				01F5D4F91F719BD700944370 /* Debug */,
				01F5D4FA1F719BD700944370 /* Release */,
			);
			defaultConfigurationIsVisible = 0;
			defaultConfigurationName = Release;
		};
/* End XCConfigurationList section */
	};
	rootObject = 01F5D4D01F719BD700944370 /* Project object */;
}
